
Microsoft Visual Studio Solution File, Format Version 12.00
# Visual Studio Version 17
VisualStudioVersion = 17.14.36623.8 d17.14
MinimumVisualStudioVersion = 10.0.40219.1
Project("{FAE04EC0-301F-11D3-BF4B-00C04F79EFBC}") = "ProgEvenProjet2026", "ProgEvenProjet2026\ProgEvenProjet2026.csproj", "{29E2BEC6-DC09-4100-86C4-C468F1CA7295}"
EndProject
Global
	GlobalSection(SolutionConfigurationPlatforms) = preSolution
		Debug|Any CPU = Debug|Any CPU
		Release|Any CPU = Release|Any CPU
	EndGlobalSection
	GlobalSection(ProjectConfigurationPlatforms) = postSolution
		{29E2BEC6-DC09-4100-86C4-C468F1CA7295}.Debug|Any CPU.ActiveCfg = Debug|Any CPU
		{29E2BEC6-DC09-4100-86C4-C468F1CA7295}.Debug|Any CPU.Build.0 = Debug|Any CPU
		{29E2BEC6-DC09-4100-86C4-C468F1CA7295}.Release|Any CPU.ActiveCfg = Release|Any CPU
		{29E2BEC6-DC09-4100-86C4-C468F1CA7295}.Release|Any CPU.Build.0 = Release|Any CPU
	EndGlobalSection
	GlobalSection(SolutionProperties) = preSolution
		HideSolutionNode = FALSE
	EndGlobalSection
	GlobalSection(ExtensibilityGlobals) = postSolution
		SolutionGuid = {04467C73-0BB0-4026-98F7-0539C37D2B7F}
	EndGlobalSection
EndGlobal
